
Microsoft Visual Studio Solution File, Format Version 12.00
Project("{FAE04EC0-301F-11D3-BF4B-00C04F79EFBC}") = "CompanyService", "CompanyService\CompanyService.csproj", "{7F24A62F-23E5-41A9-BA51-850A070A50B1}"
EndProject
Project("{FAE04EC0-301F-11D3-BF4B-00C04F79EFBC}") = "Dashboard", "Dashboard\Dashboard.csproj", "{AA085B78-9E96-4DDB-A42D-E6BB9143A322}"
EndProject
Project("{FAE04EC0-301F-11D3-BF4B-00C04F79EFBC}") = "ProductService", "ProductService\ProductService.csproj", "{C200654E-BC20-488C-8A30-C3AFA0BEE23B}"
EndProject
Project("{FAE04EC0-301F-11D3-BF4B-00C04F79EFBC}") = "MassTransitContracts", "MassTransitContracts\MassTransitContracts.csproj", "{2E317972-B9E5-473F-9177-2CC7AD5F60F8}"
EndProject
Global
	GlobalSection(SolutionConfigurationPlatforms) = preSolution
		Debug|Any CPU = Debug|Any CPU
		Release|Any CPU = Release|Any CPU
	EndGlobalSection
	GlobalSection(ProjectConfigurationPlatforms) = postSolution
		{7F24A62F-23E5-41A9-BA51-850A070A50B1}.Debug|Any CPU.ActiveCfg = Debug|Any CPU
		{7F24A62F-23E5-41A9-BA51-850A070A50B1}.Debug|Any CPU.Build.0 = Debug|Any CPU
		{7F24A62F-23E5-41A9-BA51-850A070A50B1}.Release|Any CPU.ActiveCfg = Release|Any CPU
		{7F24A62F-23E5-41A9-BA51-850A070A50B1}.Release|Any CPU.Build.0 = Release|Any CPU
		{AA085B78-9E96-4DDB-A42D-E6BB9143A322}.Debug|Any CPU.ActiveCfg = Debug|Any CPU
		{AA085B78-9E96-4DDB-A42D-E6BB9143A322}.Debug|Any CPU.Build.0 = Debug|Any CPU
		{AA085B78-9E96-4DDB-A42D-E6BB9143A322}.Release|Any CPU.ActiveCfg = Release|Any CPU
		{AA085B78-9E96-4DDB-A42D-E6BB9143A322}.Release|Any CPU.Build.0 = Release|Any CPU
		{C200654E-BC20-488C-8A30-C3AFA0BEE23B}.Debug|Any CPU.ActiveCfg = Debug|Any CPU
		{C200654E-BC20-488C-8A30-C3AFA0BEE23B}.Debug|Any CPU.Build.0 = Debug|Any CPU
		{C200654E-BC20-488C-8A30-C3AFA0BEE23B}.Release|Any CPU.ActiveCfg = Release|Any CPU
		{C200654E-BC20-488C-8A30-C3AFA0BEE23B}.Release|Any CPU.Build.0 = Release|Any CPU
		{2E317972-B9E5-473F-9177-2CC7AD5F60F8}.Debug|Any CPU.ActiveCfg = Debug|Any CPU
		{2E317972-B9E5-473F-9177-2CC7AD5F60F8}.Debug|Any CPU.Build.0 = Debug|Any CPU
		{2E317972-B9E5-473F-9177-2CC7AD5F60F8}.Release|Any CPU.ActiveCfg = Release|Any CPU
		{2E317972-B9E5-473F-9177-2CC7AD5F60F8}.Release|Any CPU.Build.0 = Release|Any CPU
	EndGlobalSection
EndGlobal
